PODS:
  - Masonry (1.1.0)
  - TMUIComponents (0.1.0):
    - Masonry
    - TMUIComponents/TMActionSheet (= 0.1.0)
    - TMUIComponents/TMContentAlert (= 0.1.0)
    - TMUIComponents/TMContentPicker (= 0.1.0)
    - TMUIComponents/TMPopoverView (= 0.1.0)
    - TMUIComponents/TMSearchController (= 0.1.0)
    - TMUIComponents/TMShowBigImageController (= 0.1.0)
    - TMUIComponents/TMUIAppearance (= 0.1.0)
    - TMUIComponents/TMUIBadge (= 0.1.0)
    - TMUIComponents/TMUICellHeightCache (= 0.1.0)
    - TMUIComponents/TMUICycleView (= 0.1.0)
    - TMUIComponents/TMUIExpandLabel (= 0.1.0)
    - TMUIComponents/TMUIFilterView (= 0.1.0)
    - TMUIComponents/TMUIFloatImagesView (= 0.1.0)
    - TMUIComponents/TMUIFloatLayoutView (= 0.1.0)
    - TMUIComponents/TMUIMenuView (= 0.1.0)
    - TMUIComponents/TMUIModalPresentationViewController (= 0.1.0)
    - TMUIComponents/TMUIMultipleDelegates (= 0.1.0)
    - TMUIComponents/TMUINavigationBar (= 0.1.0)
    - TMUIComponents/TMUIPageViewController (= 0.1.0)
    - TMUIComponents/TMUIPickerView (= 0.1.0)
    - TMUIComponents/TMUIPopupContainerView (= 0.1.0)
    - TMUIComponents/TMUISearchBar (= 0.1.0)
    - TMUIComponents/TMUISegmentView (= 0.1.0)
    - TMUIComponents/TMUITableView (= 0.1.0)
    - TMUIComponents/TMUITheme (= 0.1.0)
    - TMUIComponents/TMUITimer (= 0.1.0)
    - TMUIComponents/TMUIToast (= 0.1.0)
    - TMUIComponents/TMUIWidgets (= 0.1.0)
    - TMUICore
    - TMUIExtensions
  - TMUIComponents/TMActionSheet (0.1.0):
    - Masonry
    - TMUICore
    - TMUIExtensions
  - TMUIComponents/TMContentAlert (0.1.0):
    - Masonry
    - TMUICore
    - TMUIExtensions
  - TMUIComponents/TMContentPicker (0.1.0):
    - Masonry
    - TMUIComponents/TMContentPicker/TMCityPicker (= 0.1.0)
    - TMUIComponents/TMContentPicker/TMDatePicker (= 0.1.0)
    - TMUIComponents/TMContentPicker/TMMultiDataPicker (= 0.1.0)
    - TMUIComponents/TMContentPicker/TMNormalPicker (= 0.1.0)
    - TMUICore
    - TMUIExtensions
  - TMUIComponents/TMContentPicker/TMCityPicker (0.1.0):
    - Masonry
    - TMUICore
    - TMUIExtensions
  - TMUIComponents/TMContentPicker/TMDatePicker (0.1.0):
    - Masonry
    - TMUICore
    - TMUIExtensions
  - TMUIComponents/TMContentPicker/TMMultiDataPicker (0.1.0):
    - Masonry
    - TMUICore
    - TMUIExtensions
  - TMUIComponents/TMContentPicker/TMNormalPicker (0.1.0):
    - Masonry
    - TMUICore
    - TMUIExtensions
  - TMUIComponents/TMPopoverView (0.1.0):
    - Masonry
    - TMUICore
    - TMUIExtensions
  - TMUIComponents/TMSearchController (0.1.0):
    - Masonry
    - TMUIComponents/TMSearchController/Extensions (= 0.1.0)
    - TMUIComponents/TMSearchController/Private (= 0.1.0)
    - TMUICore
    - TMUIExtensions
  - TMUIComponents/TMSearchController/Extensions (0.1.0):
    - Masonry
    - TMUICore
    - TMUIExtensions
  - TMUIComponents/TMSearchController/Private (0.1.0):
    - Masonry
    - TMUICore
    - TMUIExtensions
  - TMUIComponents/TMShowBigImageController (0.1.0):
    - Masonry
    - TMUICore
    - TMUIExtensions
  - TMUIComponents/TMUIAppearance (0.1.0):
    - Masonry
    - TMUICore
    - TMUIExtensions
  - TMUIComponents/TMUIBadge (0.1.0):
    - Masonry
    - TMUICore
    - TMUIExtensions
  - TMUIComponents/TMUICellHeightCache (0.1.0):
    - Masonry
    - TMUICore
    - TMUIExtensions
  - TMUIComponents/TMUICycleView (0.1.0):
    - Masonry
    - TMUICore
    - TMUIExtensions
  - TMUIComponents/TMUIExpandLabel (0.1.0):
    - Masonry
    - TMUICore
    - TMUIExtensions
  - TMUIComponents/TMUIFilterView (0.1.0):
    - Masonry
    - TMUICore
    - TMUIExtensions
  - TMUIComponents/TMUIFloatImagesView (0.1.0):
    - Masonry
    - TMUICore
    - TMUIExtensions
  - TMUIComponents/TMUIFloatLayoutView (0.1.0):
    - Masonry
    - TMUICore
    - TMUIExtensions
  - TMUIComponents/TMUIMenuView (0.1.0):
    - Masonry
    - TMUICore
    - TMUIExtensions
  - TMUIComponents/TMUIModalPresentationViewController (0.1.0):
    - Masonry
    - TMUICore
    - TMUIExtensions
  - TMUIComponents/TMUIMultipleDelegates (0.1.0):
    - Masonry
    - TMUICore
    - TMUIExtensions
  - TMUIComponents/TMUINavigationBar (0.1.0):
    - Masonry
    - TMUICore
    - TMUIExtensions
  - TMUIComponents/TMUIPageViewController (0.1.0):
    - Masonry
    - TMUICore
    - TMUIExtensions
  - TMUIComponents/TMUIPickerView (0.1.0):
    - Masonry
    - TMUICore
    - TMUIExtensions
  - TMUIComponents/TMUIPopupContainerView (0.1.0):
    - Masonry
    - TMUICore
    - TMUIExtensions
  - TMUIComponents/TMUISearchBar (0.1.0):
    - Masonry
    - TMUICore
    - TMUIExtensions
  - TMUIComponents/TMUISegmentView (0.1.0):
    - Masonry
    - TMUICore
    - TMUIExtensions
  - TMUIComponents/TMUITableView (0.1.0):
    - Masonry
    - TMUICore
    - TMUIExtensions
  - TMUIComponents/TMUITheme (0.1.0):
    - Masonry
    - TMUICore
    - TMUIExtensions
  - TMUIComponents/TMUITimer (0.1.0):
    - Masonry
    - TMUICore
    - TMUIExtensions
  - TMUIComponents/TMUIToast (0.1.0):
    - Masonry
    - TMUICore
    - TMUIExtensions
  - TMUIComponents/TMUIWidgets (0.1.0):
    - Masonry
    - TMUIComponents/TMUIWidgets/TMUIButton (= 0.1.0)
    - TMUIComponents/TMUIWidgets/TMUILabel (= 0.1.0)
    - TMUIComponents/TMUIWidgets/TMUISegmentedControl (= 0.1.0)
    - TMUIComponents/TMUIWidgets/TMUISlider (= 0.1.0)
    - TMUIComponents/TMUIWidgets/TMUITextField (= 0.1.0)
    - TMUIComponents/TMUIWidgets/TMUITextView (= 0.1.0)
    - TMUICore
    - TMUIExtensions
  - TMUIComponents/TMUIWidgets/TMUIButton (0.1.0):
    - Masonry
    - TMUICore
    - TMUIExtensions
  - TMUIComponents/TMUIWidgets/TMUILabel (0.1.0):
    - Masonry
    - TMUICore
    - TMUIExtensions
  - TMUIComponents/TMUIWidgets/TMUISegmentedControl (0.1.0):
    - Masonry
    - TMUICore
    - TMUIExtensions
  - TMUIComponents/TMUIWidgets/TMUISlider (0.1.0):
    - Masonry
    - TMUICore
    - TMUIExtensions
  - TMUIComponents/TMUIWidgets/TMUITextField (0.1.0):
    - Masonry
    - TMUICore
    - TMUIExtensions
  - TMUIComponents/TMUIWidgets/TMUITextView (0.1.0):
    - Masonry
    - TMUICore
    - TMUIExtensions
  - TMUICore (2.0.6)
  - TMUIExtensions (2.0.6):
    - TMUICore
    - TMUIExtensions/Foundation (= 2.0.6)
    - TMUIExtensions/UIKit (= 2.0.6)
  - TMUIExtensions/Foundation (2.0.6):
    - TMUICore
  - TMUIExtensions/UIKit (2.0.6):
    - TMUICore
    - TMUIExtensions/Foundation

DEPENDENCIES:
  - TMUIComponents (from `../`)

SPEC REPOS:
  trunk:
    - Masonry
    - TMUICore
    - TMUIExtensions

EXTERNAL SOURCES:
  TMUIComponents:
    :path: "../"

SPEC CHECKSUMS:
  Masonry: 678fab65091a9290e40e2832a55e7ab731aad201
  TMUIComponents: bbb40084896d10901b602da05d9b14a70d388e8d
  TMUICore: 81ad1b6b4269bce1b5c5d532d62daef800536fa0
  TMUIExtensions: 0db07381ecb9ae366cb466b613ce7a00e2f67eeb

PODFILE CHECKSUM: 407a060cb6272fc5364116fefe9417e25dc65961

COCOAPODS: 1.10.0
